
Microsoft Visual Studio Solution File, Format Version 12.00
# Visual Studio Version 16
VisualStudioVersion = 16.0.29709.97
MinimumVisualStudioVersion = 10.0.40219.1
Project("{FAE04EC0-301F-11D3-BF4B-00C04F79EFBC}") = "Question-Answer_Engine", "Question-Answer_Engine\Question-Answer_Engine.csproj", "{51244D45-FEA5-488D-9B47-1DB60BB08DF3}"
EndProject
Global
	GlobalSection(SolutionConfigurationPlatforms) = preSolution
		Debug|Any CPU = Debug|Any CPU
		Release|Any CPU = Release|Any CPU
	EndGlobalSection
	GlobalSection(ProjectConfigurationPlatforms) = postSolution
		{51244D45-FEA5-488D-9B47-1DB60BB08DF3}.Debug|Any CPU.ActiveCfg = Debug|Any CPU
		{51244D45-FEA5-488D-9B47-1DB60BB08DF3}.Debug|Any CPU.Build.0 = Debug|Any CPU
		{51244D45-FEA5-488D-9B47-1DB60BB08DF3}.Release|Any CPU.ActiveCfg = Release|Any CPU
		{51244D45-FEA5-488D-9B47-1DB60BB08DF3}.Release|Any CPU.Build.0 = Release|Any CPU
	EndGlobalSection
	GlobalSection(SolutionProperties) = preSolution
		HideSolutionNode = FALSE
	EndGlobalSection
	GlobalSection(ExtensibilityGlobals) = postSolution
		SolutionGuid = {80BD5934-5396-4E78-A55F-16290D1F69FB}
	EndGlobalSection
EndGlobal
